{
  "name": "inventory-tracking-backend",
  "lockfileVersion": 2,
  "requires": true,
  "packages": {
    "": {
      "dependencies": {
        "react-csv": "^2.2.1"
      }
    },
    "node_modules/react-csv": {
      "version": "2.2.1",
      "resolved": "https://registry.npmjs.org/react-csv/-/react-csv-2.2.1.tgz",
      "integrity": "sha512-QdImVwsFQIUcOti2dJFTLnxZ8dW/q+DDpjTmD1m1UVBxh2OaEwIBg7PSGA71m7GQEEoz8M5BfvEc1rd7q8rgPw=="
    }
  },
  "dependencies": {
    "react-csv": {
      "version": "2.2.1",
      "resolved": "https://registry.npmjs.org/react-csv/-/react-csv-2.2.1.tgz",
      "integrity": "sha512-QdImVwsFQIUcOti2dJFTLnxZ8dW/q+DDpjTmD1m1UVBxh2OaEwIBg7PSGA71m7GQEEoz8M5BfvEc1rd7q8rgPw=="
    }
  }
}
